
Microsoft Visual Studio Solution File, Format Version 12.00
# Visual Studio Version 16
VisualStudioVersion = 16.0.31702.278
MinimumVisualStudioVersion = 10.0.40219.1
Project("{2150E333-8FDC-42A3-9474-1A3956D46DE8}") = "Src", "Src", "{A1CAF4BC-D26F-4742-9663-15804831D401}"
EndProject
Project("{9A19103F-16F7-4668-BE54-9A1E7A4F7556}") = "ApplicationCore", "Src\ApplicationCore\ApplicationCore.csproj", "{EA5D32D6-7ACA-486B-9369-FEFC208DCB4B}"
EndProject
Project("{9A19103F-16F7-4668-BE54-9A1E7A4F7556}") = "Infrastructure", "Src\Infrastructure\Infrastructure.csproj", "{F211C527-C244-4EE7-A40D-B4FD7BC60F45}"
EndProject
Project("{9A19103F-16F7-4668-BE54-9A1E7A4F7556}") = "WebAPI", "Src\WebAPI\WebAPI.csproj", "{FE6AC7DD-8C90-4376-970B-E0F352640AA7}"
EndProject
Global
	GlobalSection(SolutionConfigurationPlatforms) = preSolution
		Debug|Any CPU = Debug|Any CPU
		Release|Any CPU = Release|Any CPU
	EndGlobalSection
	GlobalSection(ProjectConfigurationPlatforms) = postSolution
		{EA5D32D6-7ACA-486B-9369-FEFC208DCB4B}.Debug|Any CPU.ActiveCfg = Debug|Any CPU
		{EA5D32D6-7ACA-486B-9369-FEFC208DCB4B}.Debug|Any CPU.Build.0 = Debug|Any CPU
		{EA5D32D6-7ACA-486B-9369-FEFC208DCB4B}.Release|Any CPU.ActiveCfg = Release|Any CPU
		{EA5D32D6-7ACA-486B-9369-FEFC208DCB4B}.Release|Any CPU.Build.0 = Release|Any CPU
		{F211C527-C244-4EE7-A40D-B4FD7BC60F45}.Debug|Any CPU.ActiveCfg = Debug|Any CPU
		{F211C527-C244-4EE7-A40D-B4FD7BC60F45}.Debug|Any CPU.Build.0 = Debug|Any CPU
		{F211C527-C244-4EE7-A40D-B4FD7BC60F45}.Release|Any CPU.ActiveCfg = Release|Any CPU
		{F211C527-C244-4EE7-A40D-B4FD7BC60F45}.Release|Any CPU.Build.0 = Release|Any CPU
		{FE6AC7DD-8C90-4376-970B-E0F352640AA7}.Debug|Any CPU.ActiveCfg = Debug|Any CPU
		{FE6AC7DD-8C90-4376-970B-E0F352640AA7}.Debug|Any CPU.Build.0 = Debug|Any CPU
		{FE6AC7DD-8C90-4376-970B-E0F352640AA7}.Release|Any CPU.ActiveCfg = Release|Any CPU
		{FE6AC7DD-8C90-4376-970B-E0F352640AA7}.Release|Any CPU.Build.0 = Release|Any CPU
	EndGlobalSection
	GlobalSection(SolutionProperties) = preSolution
		HideSolutionNode = FALSE
	EndGlobalSection
	GlobalSection(NestedProjects) = preSolution
		{EA5D32D6-7ACA-486B-9369-FEFC208DCB4B} = {A1CAF4BC-D26F-4742-9663-15804831D401}
		{F211C527-C244-4EE7-A40D-B4FD7BC60F45} = {A1CAF4BC-D26F-4742-9663-15804831D401}
		{FE6AC7DD-8C90-4376-970B-E0F352640AA7} = {A1CAF4BC-D26F-4742-9663-15804831D401}
	EndGlobalSection
	GlobalSection(ExtensibilityGlobals) = postSolution
		SolutionGuid = {D3E58F30-C5B9-4AA0-82C0-8C58BF8AAF35}
	EndGlobalSection
EndGlobal
